// !$*UTF8*$!
{
	archiveVersion = 1;
	classes = {
	};
	objectVersion = 52;
	objects = {

/* Begin PBXBuildFile section */
		1749C89C7912EE9F699813A9 /* Pods_newsapp_newsappUITests.framework in Frameworks */ = {isa = PBXBuildFile; fileRef = 3A1ADF2A3028AC4DC7D181C7 /* Pods_newsapp_newsappUITests.framework */; };
		2119F54F2623EDDE002BD653 /* CirclesView.swift in Sources */ = {isa = PBXBuildFile; fileRef = 2119F54E2623EDDE002BD653 /* CirclesView.swift */; };
		213D3BF02623E84100E9475C /* LikeButton.swift in Sources */ = {isa = PBXBuildFile; fileRef = 213D3BEF2623E84100E9475C /* LikeButton.swift */; };
		21727C52260954330062B07B /* newsappApp.swift in Sources */ = {isa = PBXBuildFile; fileRef = 21727C51260954330062B07B /* newsappApp.swift */; };
		21727C54260954330062B07B /* ContentView.swift in Sources */ = {isa = PBXBuildFile; fileRef = 21727C53260954330062B07B /* ContentView.swift */; };
		21727C56260954370062B07B /* Assets.xcassets in Resources */ = {isa = PBXBuildFile; fileRef = 21727C55260954370062B07B /* Assets.xcassets */; };
		21727C59260954370062B07B /* Preview Assets.xcassets in Resources */ = {isa = PBXBuildFile; fileRef = 21727C58260954370062B07B /* Preview Assets.xcassets */; };
		21727C64260954370062B07B /* newsappTests.swift in Sources */ = {isa = PBXBuildFile; fileRef = 21727C63260954370062B07B /* newsappTests.swift */; };
		21727C6F260954370062B07B /* newsappUITests.swift in Sources */ = {isa = PBXBuildFile; fileRef = 21727C6E260954370062B07B /* newsappUITests.swift */; };
		2E2107D0261BA9A600EC161F /* MainView.swift in Sources */ = {isa = PBXBuildFile; fileRef = 2E2107CF261BA9A600EC161F /* MainView.swift */; };
		2E2107D5261BD89C00EC161F /* User.swift in Sources */ = {isa = PBXBuildFile; fileRef = 2E2107D4261BD89C00EC161F /* User.swift */; };
		2E2107DA261BDFF500EC161F /* GoogleService-Info.plist in Resources */ = {isa = PBXBuildFile; fileRef = 2E2107D9261BDFF500EC161F /* GoogleService-Info.plist */; };
		2E2107E0261BE1E400EC161F /* FirebaseAuth in Frameworks */ = {isa = PBXBuildFile; productRef = 2E2107DF261BE1E400EC161F /* FirebaseAuth */; };
		2E2107E2261BE1E400EC161F /* FirebaseFirestore in Frameworks */ = {isa = PBXBuildFile; productRef = 2E2107E1261BE1E400EC161F /* FirebaseFirestore */; };
		2E2107E4261BE1E400EC161F /* FirebaseStorage in Frameworks */ = {isa = PBXBuildFile; productRef = 2E2107E3261BE1E400EC161F /* FirebaseStorage */; };
		2E2107EA261BE3E700EC161F /* AccountCreationViewModel.swift in Sources */ = {isa = PBXBuildFile; fileRef = 2E2107E9261BE3E700EC161F /* AccountCreationViewModel.swift */; };
		2E2107EF261BE8B400EC161F /* AccountCreationView.swift in Sources */ = {isa = PBXBuildFile; fileRef = 2E2107EE261BE8B400EC161F /* AccountCreationView.swift */; };
		2E331128262D4914004B1BC2 /* SwiftyJSON in Frameworks */ = {isa = PBXBuildFile; productRef = 2E331127262D4914004B1BC2 /* SwiftyJSON */; };
		2E331133262D4A14004B1BC2 /* SDWebImageSwiftUI in Frameworks */ = {isa = PBXBuildFile; productRef = 2E331132262D4A14004B1BC2 /* SDWebImageSwiftUI */; };
		2E4183462632914200A6A496 /* BingNews-Info.plist in Resources */ = {isa = PBXBuildFile; fileRef = 2E4183452632914200A6A496 /* BingNews-Info.plist */; };
		2EA561AD26126ACE00600030 /* LoginView.swift in Sources */ = {isa = PBXBuildFile; fileRef = 2EA561AC26126ACE00600030 /* LoginView.swift */; };
		2EBCD150262FB6B5005EA119 /* ArticleWebView.swift in Sources */ = {isa = PBXBuildFile; fileRef = 2EBCD14F262FB6B5005EA119 /* ArticleWebView.swift */; };
		2EBCD158262FBA0D005EA119 /* Article.swift in Sources */ = {isa = PBXBuildFile; fileRef = 2EBCD157262FBA0D005EA119 /* Article.swift */; };
		6444E3A5D065B65E1778E968 /* Pods_newsapp.framework in Frameworks */ = {isa = PBXBuildFile; fileRef = 53F1912E7AF2B8DD2C8699F4 /* Pods_newsapp.framework */; };
		6EDBBDB57F0AAAE741EC6D6D /* Pods_newsappTests.framework in Frameworks */ = {isa = PBXBuildFile; fileRef = E342EDFB2CE8904223DB3BBD /* Pods_newsappTests.framework */; };
		C6D927272618F6BC00745E80 /* ArticlePreview.swift in Sources */ = {isa = PBXBuildFile; fileRef = C6D927262618F6BC00745E80 /* ArticlePreview.swift */; };
		C6D9272C2619264900745E80 /* ArticlesRow.swift in Sources */ = {isa = PBXBuildFile; fileRef = C6D9272B2619264900745E80 /* ArticlesRow.swift */; };
/* End PBXBuildFile section */

/* Begin PBXContainerItemProxy section */
		21727C60260954370062B07B /* PBXContainerItemProxy */ = {
			isa = PBXContainerItemProxy;
			containerPortal = 21727C46260954330062B07B /* Project object */;
			proxyType = 1;
			remoteGlobalIDString = 21727C4D260954330062B07B;
			remoteInfo = newsapp;
		};
		21727C6B260954370062B07B /* PBXContainerItemProxy */ = {
			isa = PBXContainerItemProxy;
			containerPortal = 21727C46260954330062B07B /* Project object */;
			proxyType = 1;
			remoteGlobalIDString = 21727C4D260954330062B07B;
			remoteInfo = newsapp;
		};
/* End PBXContainerItemProxy section */

/* Begin PBXFileReference section */
		2119F54E2623EDDE002BD653 /* CirclesView.swift */ = {isa = PBXFileReference; fileEncoding = 4; lastKnownFileType = sourcecode.swift; path = CirclesView.swift; sourceTree = "<group>"; };
		213D3BEF2623E84100E9475C /* LikeButton.swift */ = {isa = PBXFileReference; lastKnownFileType = sourcecode.swift; path = LikeButton.swift; sourceTree = "<group>"; };
		21727C4E260954330062B07B /* newsapp.app */ = {isa = PBXFileReference; explicitFileType = wrapper.application; includeInIndex = 0; path = newsapp.app; sourceTree = BUILT_PRODUCTS_DIR; };
		21727C51260954330062B07B /* newsappApp.swift */ = {isa = PBXFileReference; lastKnownFileType = sourcecode.swift; path = newsappApp.swift; sourceTree = "<group>"; };
		21727C53260954330062B07B /* ContentView.swift */ = {isa = PBXFileReference; lastKnownFileType = sourcecode.swift; path = ContentView.swift; sourceTree = "<group>"; };
		21727C55260954370062B07B /* Assets.xcassets */ = {isa = PBXFileReference; lastKnownFileType = folder.assetcatalog; path = Assets.xcassets; sourceTree = "<group>"; };
		21727C58260954370062B07B /* Preview Assets.xcassets */ = {isa = PBXFileReference; lastKnownFileType = folder.assetcatalog; path = "Preview Assets.xcassets"; sourceTree = "<group>"; };
		21727C5A260954370062B07B /* Info.plist */ = {isa = PBXFileReference; lastKnownFileType = text.plist.xml; path = Info.plist; sourceTree = "<group>"; };
		21727C5F260954370062B07B /* newsappTests.xctest */ = {isa = PBXFileReference; explicitFileType = wrapper.cfbundle; includeInIndex = 0; path = newsappTests.xctest; sourceTree = BUILT_PRODUCTS_DIR; };
		21727C63260954370062B07B /* newsappTests.swift */ = {isa = PBXFileReference; lastKnownFileType = sourcecode.swift; path = newsappTests.swift; sourceTree = "<group>"; };
		21727C65260954370062B07B /* Info.plist */ = {isa = PBXFileReference; lastKnownFileType = text.plist.xml; path = Info.plist; sourceTree = "<group>"; };
		21727C6A260954370062B07B /* newsappUITests.xctest */ = {isa = PBXFileReference; explicitFileType = wrapper.cfbundle; includeInIndex = 0; path = newsappUITests.xctest; sourceTree = BUILT_PRODUCTS_DIR; };
		21727C6E260954370062B07B /* newsappUITests.swift */ = {isa = PBXFileReference; lastKnownFileType = sourcecode.swift; path = newsappUITests.swift; sourceTree = "<group>"; };
		21727C70260954370062B07B /* Info.plist */ = {isa = PBXFileReference; lastKnownFileType = text.plist.xml; path = Info.plist; sourceTree = "<group>"; };
		2E2107CF261BA9A600EC161F /* MainView.swift */ = {isa = PBXFileReference; lastKnownFileType = sourcecode.swift; path = MainView.swift; sourceTree = "<group>"; };
		2E2107D4261BD89C00EC161F /* User.swift */ = {isa = PBXFileReference; lastKnownFileType = sourcecode.swift; path = User.swift; sourceTree = "<group>"; };
		2E2107D9261BDFF500EC161F /* GoogleService-Info.plist */ = {isa = PBXFileReference; fileEncoding = 4; lastKnownFileType = text.plist.xml; path = "GoogleService-Info.plist"; sourceTree = "<group>"; };
		2E2107E9261BE3E700EC161F /* AccountCreationViewModel.swift */ = {isa = PBXFileReference; lastKnownFileType = sourcecode.swift; path = AccountCreationViewModel.swift; sourceTree = "<group>"; };
		2E2107EE261BE8B400EC161F /* AccountCreationView.swift */ = {isa = PBXFileReference; lastKnownFileType = sourcecode.swift; path = AccountCreationView.swift; sourceTree = "<group>"; };
		2E4183452632914200A6A496 /* BingNews-Info.plist */ = {isa = PBXFileReference; lastKnownFileType = text.plist.xml; path = "BingNews-Info.plist"; sourceTree = "<group>"; };
		2EA561AC26126ACE00600030 /* LoginView.swift */ = {isa = PBXFileReference; lastKnownFileType = sourcecode.swift; path = LoginView.swift; sourceTree = "<group>"; };
		2EBCD14F262FB6B5005EA119 /* ArticleWebView.swift */ = {isa = PBXFileReference; lastKnownFileType = sourcecode.swift; path = ArticleWebView.swift; sourceTree = "<group>"; };
		2EBCD157262FBA0D005EA119 /* Article.swift */ = {isa = PBXFileReference; lastKnownFileType = sourcecode.swift; path = Article.swift; sourceTree = "<group>"; };
		3A1ADF2A3028AC4DC7D181C7 /* Pods_newsapp_newsappUITests.framework */ = {isa = PBXFileReference; explicitFileType = wrapper.framework; includeInIndex = 0; path = Pods_newsapp_newsappUITests.framework; sourceTree = BUILT_PRODUCTS_DIR; };
		53F1912E7AF2B8DD2C8699F4 /* Pods_newsapp.framework */ = {isa = PBXFileReference; explicitFileType = wrapper.framework; includeInIndex = 0; path = Pods_newsapp.framework; sourceTree = BUILT_PRODUCTS_DIR; };
		69AE617CD71E47D0F57C5F33 /* Pods-newsapp-newsappUITests.release.xcconfig */ = {isa = PBXFileReference; includeInIndex = 1; lastKnownFileType = text.xcconfig; name = "Pods-newsapp-newsappUITests.release.xcconfig"; path = "Target Support Files/Pods-newsapp-newsappUITests/Pods-newsapp-newsappUITests.release.xcconfig"; sourceTree = "<group>"; };
		7FD9E6E18C5EF7C00ED166A4 /* Pods-newsapp.debug.xcconfig */ = {isa = PBXFileReference; includeInIndex = 1; lastKnownFileType = text.xcconfig; name = "Pods-newsapp.debug.xcconfig"; path = "Target Support Files/Pods-newsapp/Pods-newsapp.debug.xcconfig"; sourceTree = "<group>"; };
		80F19B2F2192E2B7ED3ABD5F /* Pods-newsappTests.release.xcconfig */ = {isa = PBXFileReference; includeInIndex = 1; lastKnownFileType = text.xcconfig; name = "Pods-newsappTests.release.xcconfig"; path = "Target Support Files/Pods-newsappTests/Pods-newsappTests.release.xcconfig"; sourceTree = "<group>"; };
		C6D927262618F6BC00745E80 /* ArticlePreview.swift */ = {isa = PBXFileReference; lastKnownFileType = sourcecode.swift; path = ArticlePreview.swift; sourceTree = "<group>"; };
		C6D9272B2619264900745E80 /* ArticlesRow.swift */ = {isa = PBXFileReference; lastKnownFileType = sourcecode.swift; path = ArticlesRow.swift; sourceTree = "<group>"; };
		E342EDFB2CE8904223DB3BBD /* Pods_newsappTests.framework */ = {isa = PBXFileReference; explicitFileType = wrapper.framework; includeInIndex = 0; path = Pods_newsappTests.framework; sourceTree = BUILT_PRODUCTS_DIR; };
		E36E033494B07ACFA98AA969 /* Pods-newsappTests.debug.xcconfig */ = {isa = PBXFileReference; includeInIndex = 1; lastKnownFileType = text.xcconfig; name = "Pods-newsappTests.debug.xcconfig"; path = "Target Support Files/Pods-newsappTests/Pods-newsappTests.debug.xcconfig"; sourceTree = "<group>"; };
		F5E22DDC9CE36ED8A87E9089 /* Pods-newsapp.release.xcconfig */ = {isa = PBXFileReference; includeInIndex = 1; lastKnownFileType = text.xcconfig; name = "Pods-newsapp.release.xcconfig"; path = "Target Support Files/Pods-newsapp/Pods-newsapp.release.xcconfig"; sourceTree = "<group>"; };
		FA74716975068B450B6518E0 /* Pods-newsapp-newsappUITests.debug.xcconfig */ = {isa = PBXFileReference; includeInIndex = 1; lastKnownFileType = text.xcconfig; name = "Pods-newsapp-newsappUITests.debug.xcconfig"; path = "Target Support Files/Pods-newsapp-newsappUITests/Pods-newsapp-newsappUITests.debug.xcconfig"; sourceTree = "<group>"; };
/* End PBXFileReference section */

/* Begin PBXFrameworksBuildPhase section */
		21727C4B260954330062B07B /* Frameworks */ = {
			isa = PBXFrameworksBuildPhase;
			buildActionMask = 2147483647;
			files = (
				2E331133262D4A14004B1BC2 /* SDWebImageSwiftUI in Frameworks */,
				6444E3A5D065B65E1778E968 /* Pods_newsapp.framework in Frameworks */,
				2E2107E4261BE1E400EC161F /* FirebaseStorage in Frameworks */,
				2E2107E0261BE1E400EC161F /* FirebaseAuth in Frameworks */,
				2E331128262D4914004B1BC2 /* SwiftyJSON in Frameworks */,
				2E2107E2261BE1E400EC161F /* FirebaseFirestore in Frameworks */,
			);
			runOnlyForDeploymentPostprocessing = 0;
		};
		21727C5C260954370062B07B /* Frameworks */ = {
			isa = PBXFrameworksBuildPhase;
			buildActionMask = 2147483647;
			files = (
				6EDBBDB57F0AAAE741EC6D6D /* Pods_newsappTests.framework in Frameworks */,
			);
			runOnlyForDeploymentPostprocessing = 0;
		};
		21727C67260954370062B07B /* Frameworks */ = {
			isa = PBXFrameworksBuildPhase;
			buildActionMask = 2147483647;
			files = (
				1749C89C7912EE9F699813A9 /* Pods_newsapp_newsappUITests.framework in Frameworks */,
			);
			runOnlyForDeploymentPostprocessing = 0;
		};
/* End PBXFrameworksBuildPhase section */

/* Begin PBXGroup section */
		213D3BF42623E95B00E9475C /* LikeButton */ = {
			isa = PBXGroup;
			children = (
				213D3BEF2623E84100E9475C /* LikeButton.swift */,
				2119F54E2623EDDE002BD653 /* CirclesView.swift */,
			);
			path = LikeButton;
			sourceTree = "<group>";
		};
		21727C45260954330062B07B = {
			isa = PBXGroup;
			children = (
				2E4183452632914200A6A496 /* BingNews-Info.plist */,
				2E2107D4261BD89C00EC161F /* User.swift */,
				2E2107D9261BDFF500EC161F /* GoogleService-Info.plist */,
				21727C50260954330062B07B /* newsapp */,
				21727C62260954370062B07B /* newsappTests */,
				21727C6D260954370062B07B /* newsappUITests */,
				21727C4F260954330062B07B /* Products */,
				E7DB99C3DBDAC3434567C0C4 /* Pods */,
				54BC700768AA8D9768782C69 /* Frameworks */,
			);
			sourceTree = "<group>";
		};
		21727C4F260954330062B07B /* Products */ = {
			isa = PBXGroup;
			children = (
				21727C4E260954330062B07B /* newsapp.app */,
				21727C5F260954370062B07B /* newsappTests.xctest */,
				21727C6A260954370062B07B /* newsappUITests.xctest */,
			);
			name = Products;
			sourceTree = "<group>";
		};
		21727C50260954330062B07B /* newsapp */ = {
			isa = PBXGroup;
			children = (
				2E2107F3261BE8BE00EC161F /* views */,
				2E2107E8261BE3BA00EC161F /* view_models */,
				21727C51260954330062B07B /* newsappApp.swift */,
				21727C53260954330062B07B /* ContentView.swift */,
				21727C55260954370062B07B /* Assets.xcassets */,
				21727C5A260954370062B07B /* Info.plist */,
				21727C57260954370062B07B /* Preview Content */,
				213D3BF42623E95B00E9475C /* LikeButton */,
			);
			path = newsapp;
			sourceTree = "<group>";
		};
		21727C57260954370062B07B /* Preview Content */ = {
			isa = PBXGroup;
			children = (
				21727C58260954370062B07B /* Preview Assets.xcassets */,
			);
			path = "Preview Content";
			sourceTree = "<group>";
		};
		21727C62260954370062B07B /* newsappTests */ = {
			isa = PBXGroup;
			children = (
				21727C63260954370062B07B /* newsappTests.swift */,
				21727C65260954370062B07B /* Info.plist */,
			);
			path = newsappTests;
			sourceTree = "<group>";
		};
		21727C6D260954370062B07B /* newsappUITests */ = {
			isa = PBXGroup;
			children = (
				21727C6E260954370062B07B /* newsappUITests.swift */,
				21727C70260954370062B07B /* Info.plist */,
			);
			path = newsappUITests;
			sourceTree = "<group>";
		};
		2E2107E8261BE3BA00EC161F /* view_models */ = {
			isa = PBXGroup;
			children = (
				2E2107E9261BE3E700EC161F /* AccountCreationViewModel.swift */,
			);
			path = view_models;
			sourceTree = "<group>";
		};
		2E2107F3261BE8BE00EC161F /* views */ = {
			isa = PBXGroup;
			children = (
				C6D927262618F6BC00745E80 /* ArticlePreview.swift */,
				C6D9272B2619264900745E80 /* ArticlesRow.swift */,
				2E2107CF261BA9A600EC161F /* MainView.swift */,
				2EA561AC26126ACE00600030 /* LoginView.swift */,
				2E2107EE261BE8B400EC161F /* AccountCreationView.swift */,
				2EBCD14F262FB6B5005EA119 /* ArticleWebView.swift */,
				2EBCD157262FBA0D005EA119 /* Article.swift */,
			);
			path = views;
			sourceTree = "<group>";
		};
		54BC700768AA8D9768782C69 /* Frameworks */ = {
			isa = PBXGroup;
			children = (
				53F1912E7AF2B8DD2C8699F4 /* Pods_newsapp.framework */,
				3A1ADF2A3028AC4DC7D181C7 /* Pods_newsapp_newsappUITests.framework */,
				E342EDFB2CE8904223DB3BBD /* Pods_newsappTests.framework */,
			);
			name = Frameworks;
			sourceTree = "<group>";
		};
		E7DB99C3DBDAC3434567C0C4 /* Pods */ = {
			isa = PBXGroup;
			children = (
				7FD9E6E18C5EF7C00ED166A4 /* Pods-newsapp.debug.xcconfig */,
				F5E22DDC9CE36ED8A87E9089 /* Pods-newsapp.release.xcconfig */,
				FA74716975068B450B6518E0 /* Pods-newsapp-newsappUITests.debug.xcconfig */,
				69AE617CD71E47D0F57C5F33 /* Pods-newsapp-newsappUITests.release.xcconfig */,
				E36E033494B07ACFA98AA969 /* Pods-newsappTests.debug.xcconfig */,
				80F19B2F2192E2B7ED3ABD5F /* Pods-newsappTests.release.xcconfig */,
			);
			path = Pods;
			sourceTree = "<group>";
		};
/* End PBXGroup section */

/* Begin PBXNativeTarget section */
		21727C4D260954330062B07B /* newsapp */ = {
			isa = PBXNativeTarget;
			buildConfigurationList = 21727C73260954370062B07B /* Build configuration list for PBXNativeTarget "newsapp" */;
			buildPhases = (
				54438D562DBF3BB769892B86 /* [CP] Check Pods Manifest.lock */,
				21727C4A260954330062B07B /* Sources */,
				21727C4B260954330062B07B /* Frameworks */,
				21727C4C260954330062B07B /* Resources */,
				CA4292B746DF497490889C44 /* [CP] Embed Pods Frameworks */,
			);
			buildRules = (
			);
			dependencies = (
			);
			name = newsapp;
			packageProductDependencies = (
				2E2107DF261BE1E400EC161F /* FirebaseAuth */,
				2E2107E1261BE1E400EC161F /* FirebaseFirestore */,
				2E2107E3261BE1E400EC161F /* FirebaseStorage */,
				2E331127262D4914004B1BC2 /* SwiftyJSON */,
				2E331132262D4A14004B1BC2 /* SDWebImageSwiftUI */,
			);
			productName = newsapp;
			productReference = 21727C4E260954330062B07B /* newsapp.app */;
			productType = "com.apple.product-type.application";
		};
		21727C5E260954370062B07B /* newsappTests */ = {
			isa = PBXNativeTarget;
			buildConfigurationList = 21727C76260954370062B07B /* Build configuration list for PBXNativeTarget "newsappTests" */;
			buildPhases = (
				6B342144AB844B6EF2AD380C /* [CP] Check Pods Manifest.lock */,
				21727C5B260954370062B07B /* Sources */,
				21727C5C260954370062B07B /* Frameworks */,
				21727C5D260954370062B07B /* Resources */,
			);
			buildRules = (
			);
			dependencies = (
				21727C61260954370062B07B /* PBXTargetDependency */,
			);
			name = newsappTests;
			productName = newsappTests;
			productReference = 21727C5F260954370062B07B /* newsappTests.xctest */;
			productType = "com.apple.product-type.bundle.unit-test";
		};
		21727C69260954370062B07B /* newsappUITests */ = {
			isa = PBXNativeTarget;
			buildConfigurationList = 21727C79260954370062B07B /* Build configuration list for PBXNativeTarget "newsappUITests" */;
			buildPhases = (
				E1EBFF34C6887966B3DCB7DE /* [CP] Check Pods Manifest.lock */,
				21727C66260954370062B07B /* Sources */,
				21727C67260954370062B07B /* Frameworks */,
				21727C68260954370062B07B /* Resources */,
				93B5BB2E1B11D4500AFB03F5 /* [CP] Embed Pods Frameworks */,
			);
			buildRules = (
			);
			dependencies = (
				21727C6C260954370062B07B /* PBXTargetDependency */,
			);
			name = newsappUITests;
			productName = newsappUITests;
			productReference = 21727C6A260954370062B07B /* newsappUITests.xctest */;
			productType = "com.apple.product-type.bundle.ui-testing";
		};
/* End PBXNativeTarget section */

/* Begin PBXProject section */
		21727C46260954330062B07B /* Project object */ = {
			isa = PBXProject;
			attributes = {
				LastSwiftUpdateCheck = 1230;
				LastUpgradeCheck = 1230;
				TargetAttributes = {
					21727C4D260954330062B07B = {
						CreatedOnToolsVersion = 12.3;
					};
					21727C5E260954370062B07B = {
						CreatedOnToolsVersion = 12.3;
						TestTargetID = 21727C4D260954330062B07B;
					};
					21727C69260954370062B07B = {
						CreatedOnToolsVersion = 12.3;
						TestTargetID = 21727C4D260954330062B07B;
					};
				};
			};
			buildConfigurationList = 21727C49260954330062B07B /* Build configuration list for PBXProject "newsapp" */;
			compatibilityVersion = "Xcode 9.3";
			developmentRegion = en;
			hasScannedForEncodings = 0;
			knownRegions = (
				en,
				Base,
			);
			mainGroup = 21727C45260954330062B07B;
			packageReferences = (
				2E2107DE261BE1E400EC161F /* XCRemoteSwiftPackageReference "firebase-ios-sdk" */,
				2E331126262D4914004B1BC2 /* XCRemoteSwiftPackageReference "SwiftyJSON" */,
				2E331131262D4A14004B1BC2 /* XCRemoteSwiftPackageReference "SDWebImageSwiftUI" */,
			);
			productRefGroup = 21727C4F260954330062B07B /* Products */;
			projectDirPath = "";
			projectRoot = "";
			targets = (
				21727C4D260954330062B07B /* newsapp */,
				21727C5E260954370062B07B /* newsappTests */,
				21727C69260954370062B07B /* newsappUITests */,
			);
		};
/* End PBXProject section */

/* Begin PBXResourcesBuildPhase section */
		21727C4C260954330062B07B /* Resources */ = {
			isa = PBXResourcesBuildPhase;
			buildActionMask = 2147483647;
			files = (
				21727C59260954370062B07B /* Preview Assets.xcassets in Resources */,
				21727C56260954370062B07B /* Assets.xcassets in Resources */,
				2E2107DA261BDFF500EC161F /* GoogleService-Info.plist in Resources */,
				2E4183462632914200A6A496 /* BingNews-Info.plist in Resources */,
			);
			runOnlyForDeploymentPostprocessing = 0;
		};
		21727C5D260954370062B07B /* Resources */ = {
			isa = PBXResourcesBuildPhase;
			buildActionMask = 2147483647;
			files = (
			);
			runOnlyForDeploymentPostprocessing = 0;
		};
		21727C68260954370062B07B /* Resources */ = {
			isa = PBXResourcesBuildPhase;
			buildActionMask = 2147483647;
			files = (
			);
			runOnlyForDeploymentPostprocessing = 0;
		};
/* End PBXResourcesBuildPhase section */

/* Begin PBXShellScriptBuildPhase section */
		54438D562DBF3BB769892B86 /* [CP] Check Pods Manifest.lock */ = {
			isa = PBXShellScriptBuildPhase;
			buildActionMask = 2147483647;
			files = (
			);
			inputFileListPaths = (
			);
			inputPaths = (
				"${PODS_PODFILE_DIR_PATH}/Podfile.lock",
				"${PODS_ROOT}/Manifest.lock",
			);
			name = "[CP] Check Pods Manifest.lock";
			outputFileListPaths = (
			);
			outputPaths = (
				"$(DERIVED_FILE_DIR)/Pods-newsapp-checkManifestLockResult.txt",
			);
			runOnlyForDeploymentPostprocessing = 0;
			shellPath = /bin/sh;
			shellScript = "diff \"${PODS_PODFILE_DIR_PATH}/Podfile.lock\" \"${PODS_ROOT}/Manifest.lock\" > /dev/null\nif [ $? != 0 ] ; then\n    # print error to STDERR\n    echo \"error: The sandbox is not in sync with the Podfile.lock. Run 'pod install' or update your CocoaPods installation.\" >&2\n    exit 1\nfi\n# This output is used by Xcode 'outputs' to avoid re-running this script phase.\necho \"SUCCESS\" > \"${SCRIPT_OUTPUT_FILE_0}\"\n";
			showEnvVarsInLog = 0;
		};
		6B342144AB844B6EF2AD380C /* [CP] Check Pods Manifest.lock */ = {
			isa = PBXShellScriptBuildPhase;
			buildActionMask = 2147483647;
			files = (
			);
			inputFileListPaths = (
			);
			inputPaths = (
				"${PODS_PODFILE_DIR_PATH}/Podfile.lock",
				"${PODS_ROOT}/Manifest.lock",
			);
			name = "[CP] Check Pods Manifest.lock";
			outputFileListPaths = (
			);
			outputPaths = (
				"$(DERIVED_FILE_DIR)/Pods-newsappTests-checkManifestLockResult.txt",
			);
			runOnlyForDeploymentPostprocessing = 0;
			shellPath = /bin/sh;
			shellScript = "diff \"${PODS_PODFILE_DIR_PATH}/Podfile.lock\" \"${PODS_ROOT}/Manifest.lock\" > /dev/null\nif [ $? != 0 ] ; then\n    # print error to STDERR\n    echo \"error: The sandbox is not in sync with the Podfile.lock. Run 'pod install' or update your CocoaPods installation.\" >&2\n    exit 1\nfi\n# This output is used by Xcode 'outputs' to avoid re-running this script phase.\necho \"SUCCESS\" > \"${SCRIPT_OUTPUT_FILE_0}\"\n";
			showEnvVarsInLog = 0;
		};
		93B5BB2E1B11D4500AFB03F5 /* [CP] Embed Pods Frameworks */ = {
			isa = PBXShellScriptBuildPhase;
			buildActionMask = 2147483647;
			files = (
			);
			inputFileListPaths = (
				"${PODS_ROOT}/Target Support Files/Pods-newsapp-newsappUITests/Pods-newsapp-newsappUITests-frameworks-${CONFIGURATION}-input-files.xcfilelist",
			);
			name = "[CP] Embed Pods Frameworks";
			outputFileListPaths = (
				"${PODS_ROOT}/Target Support Files/Pods-newsapp-newsappUITests/Pods-newsapp-newsappUITests-frameworks-${CONFIGURATION}-output-files.xcfilelist",
			);
			runOnlyForDeploymentPostprocessing = 0;
			shellPath = /bin/sh;
			shellScript = "\"${PODS_ROOT}/Target Support Files/Pods-newsapp-newsappUITests/Pods-newsapp-newsappUITests-frameworks.sh\"\n";
			showEnvVarsInLog = 0;
		};
		CA4292B746DF497490889C44 /* [CP] Embed Pods Frameworks */ = {
			isa = PBXShellScriptBuildPhase;
			buildActionMask = 2147483647;
			files = (
			);
			inputFileListPaths = (
				"${PODS_ROOT}/Target Support Files/Pods-newsapp/Pods-newsapp-frameworks-${CONFIGURATION}-input-files.xcfilelist",
			);
			name = "[CP] Embed Pods Frameworks";
			outputFileListPaths = (
				"${PODS_ROOT}/Target Support Files/Pods-newsapp/Pods-newsapp-frameworks-${CONFIGURATION}-output-files.xcfilelist",
			);
			runOnlyForDeploymentPostprocessing = 0;
			shellPath = /bin/sh;
			shellScript = "\"${PODS_ROOT}/Target Support Files/Pods-newsapp/Pods-newsapp-frameworks.sh\"\n";
			showEnvVarsInLog = 0;
		};
		E1EBFF34C6887966B3DCB7DE /* [CP] Check Pods Manifest.lock */ = {
			isa = PBXShellScriptBuildPhase;
			buildActionMask = 2147483647;
			files = (
			);
			inputFileListPaths = (
			);
			inputPaths = (
				"${PODS_PODFILE_DIR_PATH}/Podfile.lock",
				"${PODS_ROOT}/Manifest.lock",
			);
			name = "[CP] Check Pods Manifest.lock";
			outputFileListPaths = (
			);
			outputPaths = (
				"$(DERIVED_FILE_DIR)/Pods-newsapp-newsappUITests-checkManifestLockResult.txt",
			);
			runOnlyForDeploymentPostprocessing = 0;
			shellPath = /bin/sh;
			shellScript = "diff \"${PODS_PODFILE_DIR_PATH}/Podfile.lock\" \"${PODS_ROOT}/Manifest.lock\" > /dev/null\nif [ $? != 0 ] ; then\n    # print error to STDERR\n    echo \"error: The sandbox is not in sync with the Podfile.lock. Run 'pod install' or update your CocoaPods installation.\" >&2\n    exit 1\nfi\n# This output is used by Xcode 'outputs' to avoid re-running this script phase.\necho \"SUCCESS\" > \"${SCRIPT_OUTPUT_FILE_0}\"\n";
			showEnvVarsInLog = 0;
		};
/* End PBXShellScriptBuildPhase section */

/* Begin PBXSourcesBuildPhase section */
		21727C4A260954330062B07B /* Sources */ = {
			isa = PBXSourcesBuildPhase;
			buildActionMask = 2147483647;
			files = (
				2EBCD158262FBA0D005EA119 /* Article.swift in Sources */,
				2EA561AD26126ACE00600030 /* LoginView.swift in Sources */,
				C6D927272618F6BC00745E80 /* ArticlePreview.swift in Sources */,
				2119F54F2623EDDE002BD653 /* CirclesView.swift in Sources */,
				21727C54260954330062B07B /* ContentView.swift in Sources */,
				2E2107EF261BE8B400EC161F /* AccountCreationView.swift in Sources */,
				C6D9272C2619264900745E80 /* ArticlesRow.swift in Sources */,
				21727C52260954330062B07B /* newsappApp.swift in Sources */,
				2E2107D0261BA9A600EC161F /* MainView.swift in Sources */,
				2E2107D5261BD89C00EC161F /* User.swift in Sources */,
				2EBCD150262FB6B5005EA119 /* ArticleWebView.swift in Sources */,
				2E2107EA261BE3E700EC161F /* AccountCreationViewModel.swift in Sources */,
				213D3BF02623E84100E9475C /* LikeButton.swift in Sources */,
			);
			runOnlyForDeploymentPostprocessing = 0;
		};
		21727C5B260954370062B07B /* Sources */ = {
			isa = PBXSourcesBuildPhase;
			buildActionMask = 2147483647;
			files = (
				21727C64260954370062B07B /* newsappTests.swift in Sources */,
			);
			runOnlyForDeploymentPostprocessing = 0;
		};
		21727C66260954370062B07B /* Sources */ = {
			isa = PBXSourcesBuildPhase;
			buildActionMask = 2147483647;
			files = (
				21727C6F260954370062B07B /* newsappUITests.swift in Sources */,
			);
			runOnlyForDeploymentPostprocessing = 0;
		};
/* End PBXSourcesBuildPhase section */

/* Begin PBXTargetDependency section */
		21727C61260954370062B07B /* PBXTargetDependency */ = {
			isa = PBXTargetDependency;
			target = 21727C4D260954330062B07B /* newsapp */;
			targetProxy = 21727C60260954370062B07B /* PBXContainerItemProxy */;
		};
		21727C6C260954370062B07B /* PBXTargetDependency */ = {
			isa = PBXTargetDependency;
			target = 21727C4D260954330062B07B /* newsapp */;
			targetProxy = 21727C6B260954370062B07B /* PBXContainerItemProxy */;
		};
/* End PBXTargetDependency section */

/* Begin XCBuildConfiguration section */
		21727C71260954370062B07B /* Debug */ = {
			isa = XCBuildConfiguration;
			buildSettings = {
				ALWAYS_SEARCH_USER_PATHS = NO;
				CLANG_ANALYZER_NONNULL = YES;
				CLANG_ANALYZER_NUMBER_OBJECT_CONVERSION = YES_AGGRESSIVE;
				CLANG_CXX_LANGUAGE_STANDARD = "gnu++14";
				CLANG_CXX_LIBRARY = "libc++";
				CLANG_ENABLE_MODULES = YES;
				CLANG_ENABLE_OBJC_ARC = YES;
				CLANG_ENABLE_OBJC_WEAK = YES;
				CLANG_WARN_BLOCK_CAPTURE_AUTORELEASING = YES;
				CLANG_WARN_BOOL_CONVERSION = YES;
				CLANG_WARN_COMMA = YES;
				CLANG_WARN_CONSTANT_CONVERSION = YES;
				CLANG_WARN_DEPRECATED_OBJC_IMPLEMENTATIONS = YES;
				CLANG_WARN_DIRECT_OBJC_ISA_USAGE = YES_ERROR;
				CLANG_WARN_DOCUMENTATION_COMMENTS = YES;
				CLANG_WARN_EMPTY_BODY = YES;
				CLANG_WARN_ENUM_CONVERSION = YES;
				CLANG_WARN_INFINITE_RECURSION = YES;
				CLANG_WARN_INT_CONVERSION = YES;
				CLANG_WARN_NON_LITERAL_NULL_CONVERSION = YES;
				CLANG_WARN_OBJC_IMPLICIT_RETAIN_SELF = YES;
				CLANG_WARN_OBJC_LITERAL_CONVERSION = YES;
				CLANG_WARN_OBJC_ROOT_CLASS = YES_ERROR;
				CLANG_WARN_QUOTED_INCLUDE_IN_FRAMEWORK_HEADER = YES;
				CLANG_WARN_RANGE_LOOP_ANALYSIS = YES;
				CLANG_WARN_STRICT_PROTOTYPES = YES;
				CLANG_WARN_SUSPICIOUS_MOVE = YES;
				CLANG_WARN_UNGUARDED_AVAILABILITY = YES_AGGRESSIVE;
				CLANG_WARN_UNREACHABLE_CODE = YES;
				CLANG_WARN__DUPLICATE_METHOD_MATCH = YES;
				COPY_PHASE_STRIP = NO;
				DEBUG_INFORMATION_FORMAT = dwarf;
				ENABLE_STRICT_OBJC_MSGSEND = YES;
				ENABLE_TESTABILITY = YES;
				GCC_C_LANGUAGE_STANDARD = gnu11;
				GCC_DYNAMIC_NO_PIC = NO;
				GCC_NO_COMMON_BLOCKS = YES;
				GCC_OPTIMIZATION_LEVEL = 0;
				GCC_PREPROCESSOR_DEFINITIONS = (
					"DEBUG=1",
					"$(inherited)",
				);
				GCC_WARN_64_TO_32_BIT_CONVERSION = YES;
				GCC_WARN_ABOUT_RETURN_TYPE = YES_ERROR;
				GCC_WARN_UNDECLARED_SELECTOR = YES;
				GCC_WARN_UNINITIALIZED_AUTOS = YES_AGGRESSIVE;
				GCC_WARN_UNUSED_FUNCTION = YES;
				GCC_WARN_UNUSED_VARIABLE = YES;
				IPHONEOS_DEPLOYMENT_TARGET = 14.3;
				MTL_ENABLE_DEBUG_INFO = INCLUDE_SOURCE;
				MTL_FAST_MATH = YES;
				ONLY_ACTIVE_ARCH = YES;
				SDKROOT = iphoneos;
				SWIFT_ACTIVE_COMPILATION_CONDITIONS = DEBUG;
				SWIFT_OPTIMIZATION_LEVEL = "-Onone";
			};
			name = Debug;
		};
		21727C72260954370062B07B /* Release */ = {
			isa = XCBuildConfiguration;
			buildSettings = {
				ALWAYS_SEARCH_USER_PATHS = NO;
				CLANG_ANALYZER_NONNULL = YES;
				CLANG_ANALYZER_NUMBER_OBJECT_CONVERSION = YES_AGGRESSIVE;
				CLANG_CXX_LANGUAGE_STANDARD = "gnu++14";
				CLANG_CXX_LIBRARY = "libc++";
				CLANG_ENABLE_MODULES = YES;
				CLANG_ENABLE_OBJC_ARC = YES;
				CLANG_ENABLE_OBJC_WEAK = YES;
				CLANG_WARN_BLOCK_CAPTURE_AUTORELEASING = YES;
				CLANG_WARN_BOOL_CONVERSION = YES;
				CLANG_WARN_COMMA = YES;
				CLANG_WARN_CONSTANT_CONVERSION = YES;
				CLANG_WARN_DEPRECATED_OBJC_IMPLEMENTATIONS = YES;
				CLANG_WARN_DIRECT_OBJC_ISA_USAGE = YES_ERROR;
				CLANG_WARN_DOCUMENTATION_COMMENTS = YES;
				CLANG_WARN_EMPTY_BODY = YES;
				CLANG_WARN_ENUM_CONVERSION = YES;
				CLANG_WARN_INFINITE_RECURSION = YES;
				CLANG_WARN_INT_CONVERSION = YES;
				CLANG_WARN_NON_LITERAL_NULL_CONVERSION = YES;
				CLANG_WARN_OBJC_IMPLICIT_RETAIN_SELF = YES;
				CLANG_WARN_OBJC_LITERAL_CONVERSION = YES;
				CLANG_WARN_OBJC_ROOT_CLASS = YES_ERROR;
				CLANG_WARN_QUOTED_INCLUDE_IN_FRAMEWORK_HEADER = YES;
				CLANG_WARN_RANGE_LOOP_ANALYSIS = YES;
				CLANG_WARN_STRICT_PROTOTYPES = YES;
				CLANG_WARN_SUSPICIOUS_MOVE = YES;
				CLANG_WARN_UNGUARDED_AVAILABILITY = YES_AGGRESSIVE;
				CLANG_WARN_UNREACHABLE_CODE = YES;
				CLANG_WARN__DUPLICATE_METHOD_MATCH = YES;
				COPY_PHASE_STRIP = NO;
				DEBUG_INFORMATION_FORMAT = "dwarf-with-dsym";
				ENABLE_NS_ASSERTIONS = NO;
				ENABLE_STRICT_OBJC_MSGSEND = YES;
				GCC_C_LANGUAGE_STANDARD = gnu11;
				GCC_NO_COMMON_BLOCKS = YES;
				GCC_WARN_64_TO_32_BIT_CONVERSION = YES;
				GCC_WARN_ABOUT_RETURN_TYPE = YES_ERROR;
				GCC_WARN_UNDECLARED_SELECTOR = YES;
				GCC_WARN_UNINITIALIZED_AUTOS = YES_AGGRESSIVE;
				GCC_WARN_UNUSED_FUNCTION = YES;
				GCC_WARN_UNUSED_VARIABLE = YES;
				IPHONEOS_DEPLOYMENT_TARGET = 14.3;
				MTL_ENABLE_DEBUG_INFO = NO;
				MTL_FAST_MATH = YES;
				SDKROOT = iphoneos;
				SWIFT_COMPILATION_MODE = wholemodule;
				SWIFT_OPTIMIZATION_LEVEL = "-O";
				VALIDATE_PRODUCT = YES;
			};
			name = Release;
		};
		21727C74260954370062B07B /* Debug */ = {
			isa = XCBuildConfiguration;
			baseConfigurationReference = 7FD9E6E18C5EF7C00ED166A4 /* Pods-newsapp.debug.xcconfig */;
			buildSettings = {
				ASSETCATALOG_COMPILER_APPICON_NAME = AppIcon;
				ASSETCATALOG_COMPILER_GLOBAL_ACCENT_COLOR_NAME = AccentColor;
				CODE_SIGN_STYLE = Automatic;
				DEVELOPMENT_ASSET_PATHS = "\"newsapp/Preview Content\"";
				DEVELOPMENT_TEAM = BFD7MYP9S4;
				ENABLE_PREVIEWS = YES;
				INFOPLIST_FILE = newsapp/Info.plist;
				IPHONEOS_DEPLOYMENT_TARGET = 14.0;
				LD_RUNPATH_SEARCH_PATHS = (
					"$(inherited)",
					"@executable_path/Frameworks",
				);
				PRODUCT_BUNDLE_IDENTIFIER = aj.newsapp;
				PRODUCT_NAME = "$(TARGET_NAME)";
				SWIFT_VERSION = 5.0;
				TARGETED_DEVICE_FAMILY = "1,2";
			};
			name = Debug;
		};
		21727C75260954370062B07B /* Release */ = {
			isa = XCBuildConfiguration;
			baseConfigurationReference = F5E22DDC9CE36ED8A87E9089 /* Pods-newsapp.release.xcconfig */;
			buildSettings = {
				ASSETCATALOG_COMPILER_APPICON_NAME = AppIcon;
				ASSETCATALOG_COMPILER_GLOBAL_ACCENT_COLOR_NAME = AccentColor;
				CODE_SIGN_STYLE = Automatic;
				DEVELOPMENT_ASSET_PATHS = "\"newsapp/Preview Content\"";
				DEVELOPMENT_TEAM = BFD7MYP9S4;
				ENABLE_PREVIEWS = YES;
				INFOPLIST_FILE = newsapp/Info.plist;
				IPHONEOS_DEPLOYMENT_TARGET = 14.0;
				LD_RUNPATH_SEARCH_PATHS = (
					"$(inherited)",
					"@executable_path/Frameworks",
				);
				PRODUCT_BUNDLE_IDENTIFIER = aj.newsapp;
				PRODUCT_NAME = "$(TARGET_NAME)";
				SWIFT_VERSION = 5.0;
				TARGETED_DEVICE_FAMILY = "1,2";
			};
			name = Release;
		};
		21727C77260954370062B07B /* Debug */ = {
			isa = XCBuildConfiguration;
			baseConfigurationReference = E36E033494B07ACFA98AA969 /* Pods-newsappTests.debug.xcconfig */;
			buildSettings = {
				ALWAYS_EMBED_SWIFT_STANDARD_LIBRARIES = YES;
				BUNDLE_LOADER = "$(TEST_HOST)";
				CODE_SIGN_STYLE = Automatic;
				DEVELOPMENT_TEAM = BFD7MYP9S4;
				INFOPLIST_FILE = newsappTests/Info.plist;
				IPHONEOS_DEPLOYMENT_TARGET = 14.0;
				LD_RUNPATH_SEARCH_PATHS = (
					"$(inherited)",
					"@executable_path/Frameworks",
					"@loader_path/Frameworks",
				);
				PRODUCT_BUNDLE_IDENTIFIER = aj.newsappTests;
				PRODUCT_NAME = "$(TARGET_NAME)";
				SWIFT_VERSION = 5.0;
				TARGETED_DEVICE_FAMILY = "1,2";
				TEST_HOST = "$(BUILT_PRODUCTS_DIR)/newsapp.app/newsapp";
			};
			name = Debug;
		};
		21727C78260954370062B07B /* Release */ = {
			isa = XCBuildConfiguration;
			baseConfigurationReference = 80F19B2F2192E2B7ED3ABD5F /* Pods-newsappTests.release.xcconfig */;
			buildSettings = {
				ALWAYS_EMBED_SWIFT_STANDARD_LIBRARIES = YES;
				BUNDLE_LOADER = "$(TEST_HOST)";
				CODE_SIGN_STYLE = Automatic;
				DEVELOPMENT_TEAM = BFD7MYP9S4;
				INFOPLIST_FILE = newsappTests/Info.plist;
				IPHONEOS_DEPLOYMENT_TARGET = 14.0;
				LD_RUNPATH_SEARCH_PATHS = (
					"$(inherited)",
					"@executable_path/Frameworks",
					"@loader_path/Frameworks",
				);
				PRODUCT_BUNDLE_IDENTIFIER = aj.newsappTests;
				PRODUCT_NAME = "$(TARGET_NAME)";
				SWIFT_VERSION = 5.0;
				TARGETED_DEVICE_FAMILY = "1,2";
				TEST_HOST = "$(BUILT_PRODUCTS_DIR)/newsapp.app/newsapp";
			};
			name = Release;
		};
		21727C7A260954370062B07B /* Debug */ = {
			isa = XCBuildConfiguration;
			baseConfigurationReference = FA74716975068B450B6518E0 /* Pods-newsapp-newsappUITests.debug.xcconfig */;
			buildSettings = {
				ALWAYS_EMBED_SWIFT_STANDARD_LIBRARIES = YES;
				CODE_SIGN_STYLE = Automatic;
				DEVELOPMENT_TEAM = BFD7MYP9S4;
				INFOPLIST_FILE = newsappUITests/Info.plist;
				LD_RUNPATH_SEARCH_PATHS = (
					"$(inherited)",
					"@executable_path/Frameworks",
					"@loader_path/Frameworks",
				);
				PRODUCT_BUNDLE_IDENTIFIER = aj.newsappUITests;
				PRODUCT_NAME = "$(TARGET_NAME)";
				SWIFT_VERSION = 5.0;
				TARGETED_DEVICE_FAMILY = "1,2";
				TEST_TARGET_NAME = newsapp;
			};
			name = Debug;
		};
		21727C7B260954370062B07B /* Release */ = {
			isa = XCBuildConfiguration;
			baseConfigurationReference = 69AE617CD71E47D0F57C5F33 /* Pods-newsapp-newsappUITests.release.xcconfig */;
			buildSettings = {
				ALWAYS_EMBED_SWIFT_STANDARD_LIBRARIES = YES;
				CODE_SIGN_STYLE = Automatic;
				DEVELOPMENT_TEAM = BFD7MYP9S4;
				INFOPLIST_FILE = newsappUITests/Info.plist;
				LD_RUNPATH_SEARCH_PATHS = (
					"$(inherited)",
					"@executable_path/Frameworks",
					"@loader_path/Frameworks",
				);
				PRODUCT_BUNDLE_IDENTIFIER = aj.newsappUITests;
				PRODUCT_NAME = "$(TARGET_NAME)";
				SWIFT_VERSION = 5.0;
				TARGETED_DEVICE_FAMILY = "1,2";
				TEST_TARGET_NAME = newsapp;
			};
			name = Release;
		};
/* End XCBuildConfiguration section */

/* Begin XCConfigurationList section */
		21727C49260954330062B07B /* Build configuration list for PBXProject "newsapp" */ = {
			isa = XCConfigurationList;
			buildConfigurations = (
				21727C71260954370062B07B /* Debug */,
				21727C72260954370062B07B /* Release */,
			);
			defaultConfigurationIsVisible = 0;
			defaultConfigurationName = Release;
		};
		21727C73260954370062B07B /* Build configuration list for PBXNativeTarget "newsapp" */ = {
			isa = XCConfigurationList;
			buildConfigurations = (
				21727C74260954370062B07B /* Debug */,
				21727C75260954370062B07B /* Release */,
			);
			defaultConfigurationIsVisible = 0;
			defaultConfigurationName = Release;
		};
		21727C76260954370062B07B /* Build configuration list for PBXNativeTarget "newsappTests" */ = {
			isa = XCConfigurationList;
			buildConfigurations = (
				21727C77260954370062B07B /* Debug */,
				21727C78260954370062B07B /* Release */,
			);
			defaultConfigurationIsVisible = 0;
			defaultConfigurationName = Release;
		};
		21727C79260954370062B07B /* Build configuration list for PBXNativeTarget "newsappUITests" */ = {
			isa = XCConfigurationList;
			buildConfigurations = (
				21727C7A260954370062B07B /* Debug */,
				21727C7B260954370062B07B /* Release */,
			);
			defaultConfigurationIsVisible = 0;
			defaultConfigurationName = Release;
		};
/* End XCConfigurationList section */

/* Begin XCRemoteSwiftPackageReference section */
		2E2107DE261BE1E400EC161F /* XCRemoteSwiftPackageReference "firebase-ios-sdk" */ = {
			isa = XCRemoteSwiftPackageReference;
			repositoryURL = "https://github.com/firebase/firebase-ios-sdk.git";
			requirement = {
				kind = upToNextMajorVersion;
				minimumVersion = 7.9.1;
			};
		};
		2E331126262D4914004B1BC2 /* XCRemoteSwiftPackageReference "SwiftyJSON" */ = {
			isa = XCRemoteSwiftPackageReference;
			repositoryURL = "https://github.com/SwiftyJSON/SwiftyJSON.git";
			requirement = {
				kind = upToNextMajorVersion;
				minimumVersion = 5.0.1;
			};
		};
		2E331131262D4A14004B1BC2 /* XCRemoteSwiftPackageReference "SDWebImageSwiftUI" */ = {
			isa = XCRemoteSwiftPackageReference;
			repositoryURL = "https://github.com/SDWebImage/SDWebImageSwiftUI.git";
			requirement = {
				kind = upToNextMajorVersion;
				minimumVersion = 2.0.2;
			};
		};
/* End XCRemoteSwiftPackageReference section */

/* Begin XCSwiftPackageProductDependency section */
		2E2107DF261BE1E400EC161F /* FirebaseAuth */ = {
			isa = XCSwiftPackageProductDependency;
			package = 2E2107DE261BE1E400EC161F /* XCRemoteSwiftPackageReference "firebase-ios-sdk" */;
			productName = FirebaseAuth;
		};
		2E2107E1261BE1E400EC161F /* FirebaseFirestore */ = {
			isa = XCSwiftPackageProductDependency;
			package = 2E2107DE261BE1E400EC161F /* XCRemoteSwiftPackageReference "firebase-ios-sdk" */;
			productName = FirebaseFirestore;
		};
		2E2107E3261BE1E400EC161F /* FirebaseStorage */ = {
			isa = XCSwiftPackageProductDependency;
			package = 2E2107DE261BE1E400EC161F /* XCRemoteSwiftPackageReference "firebase-ios-sdk" */;
			productName = FirebaseStorage;
		};
		2E331127262D4914004B1BC2 /* SwiftyJSON */ = {
			isa = XCSwiftPackageProductDependency;
			package = 2E331126262D4914004B1BC2 /* XCRemoteSwiftPackageReference "SwiftyJSON" */;
			productName = SwiftyJSON;
		};
		2E331132262D4A14004B1BC2 /* SDWebImageSwiftUI */ = {
			isa = XCSwiftPackageProductDependency;
			package = 2E331131262D4A14004B1BC2 /* XCRemoteSwiftPackageReference "SDWebImageSwiftUI" */;
			productName = SDWebImageSwiftUI;
		};
/* End XCSwiftPackageProductDependency section */
	};
	rootObject = 21727C46260954330062B07B /* Project object */;
}
